
Microsoft Visual Studio Solution File, Format Version 12.00
# Visual Studio Version 17
VisualStudioVersion = 17.4.33213.308
MinimumVisualStudioVersion = 10.0.40219.1
Project("{FAE04EC0-301F-11D3-BF4B-00C04F79EFBC}") = "StrongPrimitives", "StrongPrimitives\StrongPrimitives.csproj", "{0057F273-8CCF-4ED3-BFA9-79E1BC9AEA45}"
EndProject
Project("{FAE04EC0-301F-11D3-BF4B-00C04F79EFBC}") = "Test", "Test\Test.csproj", "{DF8C91DB-5A8C-42C4-9EAE-30B79AFF2595}"
EndProject
Global
	GlobalSection(SolutionConfigurationPlatforms) = preSolution
		Debug|Any CPU = Debug|Any CPU
		Release|Any CPU = Release|Any CPU
	EndGlobalSection
	GlobalSection(ProjectConfigurationPlatforms) = postSolution
		{0057F273-8CCF-4ED3-BFA9-79E1BC9AEA45}.Debug|Any CPU.ActiveCfg = Debug|Any CPU
		{0057F273-8CCF-4ED3-BFA9-79E1BC9AEA45}.Debug|Any CPU.Build.0 = Debug|Any CPU
		{0057F273-8CCF-4ED3-BFA9-79E1BC9AEA45}.Release|Any CPU.ActiveCfg = Release|Any CPU
		{0057F273-8CCF-4ED3-BFA9-79E1BC9AEA45}.Release|Any CPU.Build.0 = Release|Any CPU
		{DF8C91DB-5A8C-42C4-9EAE-30B79AFF2595}.Debug|Any CPU.ActiveCfg = Debug|Any CPU
		{DF8C91DB-5A8C-42C4-9EAE-30B79AFF2595}.Debug|Any CPU.Build.0 = Debug|Any CPU
		{DF8C91DB-5A8C-42C4-9EAE-30B79AFF2595}.Release|Any CPU.ActiveCfg = Release|Any CPU
		{DF8C91DB-5A8C-42C4-9EAE-30B79AFF2595}.Release|Any CPU.Build.0 = Release|Any CPU
	EndGlobalSection
	GlobalSection(SolutionProperties) = preSolution
		HideSolutionNode = FALSE
	EndGlobalSection
	GlobalSection(ExtensibilityGlobals) = postSolution
		SolutionGuid = {EB5004C9-646F-4491-92D1-CE97A8D7E1EA}
	EndGlobalSection
EndGlobal
